
Microsoft Visual Studio Solution File, Format Version 12.00
# Visual Studio 15
Project("{FAE04EC0-301F-11D3-BF4B-00C04F79EFBC}") = "Assembly-CSharp", "Assembly-CSharp.csproj", "{076863EB-D5A0-546F-8F30-7B27ECDCDA2A}"
EndProject
Project("{FAE04EC0-301F-11D3-BF4B-00C04F79EFBC}") = "Assembly-CSharp-Editor", "Assembly-CSharp-Editor.csproj", "{94344E56-7754-D8C6-31C9-178B8715FD11}"
EndProject
Global
	GlobalSection(SolutionConfigurationPlatforms) = preSolution
		Debug|Any CPU = Debug|Any CPU
		Release|Any CPU = Release|Any CPU
	EndGlobalSection
	GlobalSection(ProjectConfigurationPlatforms) = postSolution
		{076863EB-D5A0-546F-8F30-7B27ECDCDA2A}.Debug|Any CPU.ActiveCfg = Debug|Any CPU
		{076863EB-D5A0-546F-8F30-7B27ECDCDA2A}.Debug|Any CPU.Build.0 = Debug|Any CPU
		{076863EB-D5A0-546F-8F30-7B27ECDCDA2A}.Release|Any CPU.ActiveCfg = Release|Any CPU
		{076863EB-D5A0-546F-8F30-7B27ECDCDA2A}.Release|Any CPU.Build.0 = Release|Any CPU
		{94344E56-7754-D8C6-31C9-178B8715FD11}.Debug|Any CPU.ActiveCfg = Debug|Any CPU
		{94344E56-7754-D8C6-31C9-178B8715FD11}.Debug|Any CPU.Build.0 = Debug|Any CPU
		{94344E56-7754-D8C6-31C9-178B8715FD11}.Release|Any CPU.ActiveCfg = Release|Any CPU
		{94344E56-7754-D8C6-31C9-178B8715FD11}.Release|Any CPU.Build.0 = Release|Any CPU
	EndGlobalSection
	GlobalSection(SolutionProperties) = preSolution
		HideSolutionNode = FALSE
	EndGlobalSection
EndGlobal
